
Microsoft Visual Studio Solution File, Format Version 12.00
Project("{FAE04EC0-301F-11D3-BF4B-00C04F79EFBC}") = "op12", "op12\op12.csproj", "{BC0D57DF-82CC-41C3-BC4D-17E723143689}"
EndProject
Global
	GlobalSection(SolutionConfigurationPlatforms) = preSolution
		Debug|Any CPU = Debug|Any CPU
		Release|Any CPU = Release|Any CPU
	EndGlobalSection
	GlobalSection(ProjectConfigurationPlatforms) = postSolution
		{BC0D57DF-82CC-41C3-BC4D-17E723143689}.Debug|Any CPU.ActiveCfg = Debug|Any CPU
		{BC0D57DF-82CC-41C3-BC4D-17E723143689}.Debug|Any CPU.Build.0 = Debug|Any CPU
		{BC0D57DF-82CC-41C3-BC4D-17E723143689}.Release|Any CPU.ActiveCfg = Release|Any CPU
		{BC0D57DF-82CC-41C3-BC4D-17E723143689}.Release|Any CPU.Build.0 = Release|Any CPU
	EndGlobalSection
EndGlobal
